// !$*UTF8*$!
{
	archiveVersion = 1;
	classes = {
	};
	objectVersion = 46;
	objects = {

/* Begin PBXBuildFile section */
		5FFB111E1CB4901800BF53B9 /* AppDelegate.swift in Sources */ = {isa = PBXBuildFile; fileRef = 5FFB111D1CB4901800BF53B9 /* AppDelegate.swift */; };
		5FFB11231CB4901800BF53B9 /* Main.storyboard in Resources */ = {isa = PBXBuildFile; fileRef = 5FFB11211CB4901800BF53B9 /* Main.storyboard */; };
		5FFB11251CB4901800BF53B9 /* Assets.xcassets in Resources */ = {isa = PBXBuildFile; fileRef = 5FFB11241CB4901800BF53B9 /* Assets.xcassets */; };
		5FFB11281CB4901800BF53B9 /* LaunchScreen.storyboard in Resources */ = {isa = PBXBuildFile; fileRef = 5FFB11261CB4901800BF53B9 /* LaunchScreen.storyboard */; };
		5FFB11341CB493E000BF53B9 /* GameVC.swift in Sources */ = {isa = PBXBuildFile; fileRef = 5FFB11331CB493E000BF53B9 /* GameVC.swift */; };
		5FFB11361CB493F900BF53B9 /* ResultsVC.swift in Sources */ = {isa = PBXBuildFile; fileRef = 5FFB11351CB493F900BF53B9 /* ResultsVC.swift */; };
/* End PBXBuildFile section */

/* Begin PBXFileReference section */
		5FFB111A1CB4901800BF53B9 /* RockPaperScissor.app */ = {isa = PBXFileReference; explicitFileType = wrapper.application; includeInIndex = 0; path = RockPaperScissor.app; sourceTree = BUILT_PRODUCTS_DIR; };
		5FFB111D1CB4901800BF53B9 /* AppDelegate.swift */ = {isa = PBXFileReference; lastKnownFileType = sourcecode.swift; path = AppDelegate.swift; sourceTree = "<group>"; };
		5FFB11221CB4901800BF53B9 /* Base */ = {isa = PBXFileReference; lastKnownFileType = file.storyboard; name = Base; path = Base.lproj/Main.storyboard; sourceTree = "<group>"; };
		5FFB11241CB4901800BF53B9 /* Assets.xcassets */ = {isa = PBXFileReference; lastKnownFileType = folder.assetcatalog; path = Assets.xcassets; sourceTree = "<group>"; };
		5FFB11271CB4901800BF53B9 /* Base */ = {isa = PBXFileReference; lastKnownFileType = file.storyboard; name = Base; path = Base.lproj/LaunchScreen.storyboard; sourceTree = "<group>"; };
		5FFB11291CB4901800BF53B9 /* Info.plist */ = {isa = PBXFileReference; lastKnownFileType = text.plist.xml; path = Info.plist; sourceTree = "<group>"; };
		5FFB11331CB493E000BF53B9 /* GameVC.swift */ = {isa = PBXFileReference; fileEncoding = 4; lastKnownFileType = sourcecode.swift; path = GameVC.swift; sourceTree = "<group>"; };
		5FFB11351CB493F900BF53B9 /* ResultsVC.swift */ = {isa = PBXFileReference; fileEncoding = 4; lastKnownFileType = sourcecode.swift; path = ResultsVC.swift; sourceTree = "<group>"; };
/* End PBXFileReference section */

/* Begin PBXFrameworksBuildPhase section */
		5FFB11171CB4901800BF53B9 /* Frameworks */ = {
			isa = PBXFrameworksBuildPhase;
			buildActionMask = 2147483647;
			files = (
			);
			runOnlyForDeploymentPostprocessing = 0;
		};
/* End PBXFrameworksBuildPhase section */

/* Begin PBXGroup section */
		5FFB11111CB4901700BF53B9 = {
			isa = PBXGroup;
			children = (
				5FFB111C1CB4901800BF53B9 /* RockPaperScissor */,
				5FFB111B1CB4901800BF53B9 /* Products */,
			);
			sourceTree = "<group>";
		};
		5FFB111B1CB4901800BF53B9 /* Products */ = {
			isa = PBXGroup;
			children = (
				5FFB111A1CB4901800BF53B9 /* RockPaperScissor.app */,
			);
			name = Products;
			sourceTree = "<group>";
		};
		5FFB111C1CB4901800BF53B9 /* RockPaperScissor */ = {
			isa = PBXGroup;
			children = (
				5FFB111D1CB4901800BF53B9 /* AppDelegate.swift */,
				5FFB11331CB493E000BF53B9 /* GameVC.swift */,
				5FFB11351CB493F900BF53B9 /* ResultsVC.swift */,
				5FFB11211CB4901800BF53B9 /* Main.storyboard */,
				5FFB11241CB4901800BF53B9 /* Assets.xcassets */,
				5FFB11261CB4901800BF53B9 /* LaunchScreen.storyboard */,
				5FFB11291CB4901800BF53B9 /* Info.plist */,
			);
			path = RockPaperScissor;
			sourceTree = "<group>";
		};
/* End PBXGroup section */

/* Begin PBXNativeTarget section */
		5FFB11191CB4901800BF53B9 /* RockPaperScissor */ = {
			isa = PBXNativeTarget;
			buildConfigurationList = 5FFB112C1CB4901800BF53B9 /* Build configuration list for PBXNativeTarget "RockPaperScissor" */;
			buildPhases = (
				5FFB11161CB4901800BF53B9 /* Sources */,
				5FFB11171CB4901800BF53B9 /* Frameworks */,
				5FFB11181CB4901800BF53B9 /* Resources */,
			);
			buildRules = (
			);
			dependencies = (
			);
			name = RockPaperScissor;
			productName = RockPaperScissor;
			productReference = 5FFB111A1CB4901800BF53B9 /* RockPaperScissor.app */;
			productType = "com.apple.product-type.application";
		};
/* End PBXNativeTarget section */

/* Begin PBXProject section */
		5FFB11121CB4901700BF53B9 /* Project object */ = {
			isa = PBXProject;
			attributes = {
				LastSwiftUpdateCheck = 0720;
				LastUpgradeCheck = 0720;
				ORGANIZATIONNAME = c4q;
				TargetAttributes = {
					5FFB11191CB4901800BF53B9 = {
						CreatedOnToolsVersion = 7.2.1;
						DevelopmentTeam = PL82FBEDAB;
					};
				};
			};
			buildConfigurationList = 5FFB11151CB4901700BF53B9 /* Build configuration list for PBXProject "RockPaperScissor" */;
			compatibilityVersion = "Xcode 3.2";
			developmentRegion = English;
			hasScannedForEncodings = 0;
			knownRegions = (
				en,
				Base,
			);
			mainGroup = 5FFB11111CB4901700BF53B9;
			productRefGroup = 5FFB111B1CB4901800BF53B9 /* Products */;
			projectDirPath = "";
			projectRoot = "";
			targets = (
				5FFB11191CB4901800BF53B9 /* RockPaperScissor */,
			);
		};
/* End PBXProject section */

/* Begin PBXResourcesBuildPhase section */
		5FFB11181CB4901800BF53B9 /* Resources */ = {
			isa = PBXResourcesBuildPhase;
			buildActionMask = 2147483647;
			files = (
				5FFB11281CB4901800BF53B9 /* LaunchScreen.storyboard in Resources */,
				5FFB11251CB4901800BF53B9 /* Assets.xcassets in Resources */,
				5FFB11231CB4901800BF53B9 /* Main.storyboard in Resources */,
			);
			runOnlyForDeploymentPostprocessing = 0;
		};
/* End PBXResourcesBuildPhase section */

/* Begin PBXSourcesBuildPhase section */
		5FFB11161CB4901800BF53B9 /* Sources */ = {
			isa = PBXSourcesBuildPhase;
			buildActionMask = 2147483647;
			files = (
				5FFB11341CB493E000BF53B9 /* GameVC.swift in Sources */,
				5FFB11361CB493F900BF53B9 /* ResultsVC.swift in Sources */,
				5FFB111E1CB4901800BF53B9 /* AppDelegate.swift in Sources */,
			);
			runOnlyForDeploymentPostprocessing = 0;
		};
/* End PBXSourcesBuildPhase section */

/* Begin PBXVariantGroup section */
		5FFB11211CB4901800BF53B9 /* Main.storyboard */ = {
			isa = PBXVariantGroup;
			children = (
				5FFB11221CB4901800BF53B9 /* Base */,
			);
			name = Main.storyboard;
			sourceTree = "<group>";
		};
		5FFB11261CB4901800BF53B9 /* LaunchScreen.storyboard */ = {
			isa = PBXVariantGroup;
			children = (
				5FFB11271CB4901800BF53B9 /* Base */,
			);
			name = LaunchScreen.storyboard;
			sourceTree = "<group>";
		};
/* End PBXVariantGroup section */

/* Begin XCBuildConfiguration section */
		5FFB112A1CB4901800BF53B9 /* Debug */ = {
			isa = XCBuildConfiguration;
			buildSettings = {
				ALWAYS_SEARCH_USER_PATHS = NO;
				CLANG_CXX_LANGUAGE_STANDARD = "gnu++0x";
				CLANG_CXX_LIBRARY = "libc++";
				CLANG_ENABLE_MODULES = YES;
				CLANG_ENABLE_OBJC_ARC = YES;
				CLANG_WARN_BOOL_CONVERSION = YES;
				CLANG_WARN_CONSTANT_CONVERSION = YES;
				CLANG_WARN_DIRECT_OBJC_ISA_USAGE = YES_ERROR;
				CLANG_WARN_EMPTY_BODY = YES;
				CLANG_WARN_ENUM_CONVERSION = YES;
				CLANG_WARN_INT_CONVERSION = YES;
				CLANG_WARN_OBJC_ROOT_CLASS = YES_ERROR;
				CLANG_WARN_UNREACHABLE_CODE = YES;
				CLANG_WARN__DUPLICATE_METHOD_MATCH = YES;
				"CODE_SIGN_IDENTITY[sdk=iphoneos*]" = "iPhone Developer";
				COPY_PHASE_STRIP = NO;
				DEBUG_INFORMATION_FORMAT = dwarf;
				ENABLE_STRICT_OBJC_MSGSEND = YES;
				ENABLE_TESTABILITY = YES;
				GCC_C_LANGUAGE_STANDARD = gnu99;
				GCC_DYNAMIC_NO_PIC = NO;
				GCC_NO_COMMON_BLOCKS = YES;
				GCC_OPTIMIZATION_LEVEL = 0;
				GCC_PREPROCESSOR_DEFINITIONS = (
					"DEBUG=1",
					"$(inherited)",
				);
				GCC_WARN_64_TO_32_BIT_CONVERSION = YES;
				GCC_WARN_ABOUT_RETURN_TYPE = YES_ERROR;
				GCC_WARN_UNDECLARED_SELECTOR = YES;
				GCC_WARN_UNINITIALIZED_AUTOS = YES_AGGRESSIVE;
				GCC_WARN_UNUSED_FUNCTION = YES;
				GCC_WARN_UNUSED_VARIABLE = YES;
				IPHONEOS_DEPLOYMENT_TARGET = 9.2;
				MTL_ENABLE_DEBUG_INFO = YES;
				ONLY_ACTIVE_ARCH = YES;
				SDKROOT = iphoneos;
				SWIFT_OPTIMIZATION_LEVEL = "-Onone";
			};
			name = Debug;
		};
		5FFB112B1CB4901800BF53B9 /* Release */ = {
			isa = XCBuildConfiguration;
			buildSettings = {
				ALWAYS_SEARCH_USER_PATHS = NO;
				CLANG_CXX_LANGUAGE_STANDARD = "gnu++0x";
				CLANG_CXX_LIBRARY = "libc++";
				CLANG_ENABLE_MODULES = YES;
				CLANG_ENABLE_OBJC_ARC = YES;
				CLANG_WARN_BOOL_CONVERSION = YES;
				CLANG_WARN_CONSTANT_CONVERSION = YES;
				CLANG_WARN_DIRECT_OBJC_ISA_USAGE = YES_ERROR;
				CLANG_WARN_EMPTY_BODY = YES;
				CLANG_WARN_ENUM_CONVERSION = YES;
				CLANG_WARN_INT_CONVERSION = YES;
				CLANG_WARN_OBJC_ROOT_CLASS = YES_ERROR;
				CLANG_WARN_UNREACHABLE_CODE = YES;
				CLANG_WARN__DUPLICATE_METHOD_MATCH = YES;
				"CODE_SIGN_IDENTITY[sdk=iphoneos*]" = "iPhone Developer";
				COPY_PHASE_STRIP = NO;
				DEBUG_INFORMATION_FORMAT = "dwarf-with-dsym";
				ENABLE_NS_ASSERTIONS = NO;
				ENABLE_STRICT_OBJC_MSGSEND = YES;
				GCC_C_LANGUAGE_STANDARD = gnu99;
				GCC_NO_COMMON_BLOCKS = YES;
				GCC_WARN_64_TO_32_BIT_CONVERSION = YES;
				GCC_WARN_ABOUT_RETURN_TYPE = YES_ERROR;
				GCC_WARN_UNDECLARED_SELECTOR = YES;
				GCC_WARN_UNINITIALIZED_AUTOS = YES_AGGRESSIVE;
				GCC_WARN_UNUSED_FUNCTION = YES;
				GCC_WARN_UNUSED_VARIABLE = YES;
				IPHONEOS_DEPLOYMENT_TARGET = 9.2;
				MTL_ENABLE_DEBUG_INFO = NO;
				SDKROOT = iphoneos;
				VALIDATE_PRODUCT = YES;
			};
			name = Release;
		};
		5FFB112D1CB4901800BF53B9 /* Debug */ = {
			isa = XCBuildConfiguration;
			buildSettings = {
				ASSETCATALOG_COMPILER_APPICON_NAME = AppIcon;
				INFOPLIST_FILE = RockPaperScissor/Info.plist;
				LD_RUNPATH_SEARCH_PATHS = "$(inherited) @executable_path/Frameworks";
				PRODUCT_BUNDLE_IDENTIFIER = c4q.nyc.RockPaperScissor;
				PRODUCT_NAME = "$(TARGET_NAME)";
			};
			name = Debug;
		};
		5FFB112E1CB4901800BF53B9 /* Release */ = {
			isa = XCBuildConfiguration;
			buildSettings = {
				ASSETCATALOG_COMPILER_APPICON_NAME = AppIcon;
				INFOPLIST_FILE = RockPaperScissor/Info.plist;
				LD_RUNPATH_SEARCH_PATHS = "$(inherited) @executable_path/Frameworks";
				PRODUCT_BUNDLE_IDENTIFIER = c4q.nyc.RockPaperScissor;
				PRODUCT_NAME = "$(TARGET_NAME)";
			};
			name = Release;
		};
/* End XCBuildConfiguration section */

/* Begin XCConfigurationList section */
		5FFB11151CB4901700BF53B9 /* Build configuration list for PBXProject "RockPaperScissor" */ = {
			isa = XCConfigurationList;
			buildConfigurations = (
				5FFB112A1CB4901800BF53B9 /* Debug */,
				5FFB112B1CB4901800BF53B9 /* Release */,
			);
			defaultConfigurationIsVisible = 0;
			defaultConfigurationName = Release;
		};
		5FFB112C1CB4901800BF53B9 /* Build configuration list for PBXNativeTarget "RockPaperScissor" */ = {
			isa = XCConfigurationList;
			buildConfigurations = (
				5FFB112D1CB4901800BF53B9 /* Debug */,
				5FFB112E1CB4901800BF53B9 /* Release */,
			);
			defaultConfigurationIsVisible = 0;
		};
/* End XCConfigurationList section */
	};
	rootObject = 5FFB11121CB4901700BF53B9 /* Project object */;
}
